
Microsoft Visual Studio Solution File, Format Version 12.00
# Visual Studio Version 17
VisualStudioVersion = 17.5.002.0
MinimumVisualStudioVersion = 10.0.40219.1
Project("{9A19103F-16F7-4668-BE54-9A1E7A4F7556}") = "TestProgram", "TestProgram.csproj", "{EF42B33B-FCCA-49B7-8893-EC688F631398}"
EndProject
Global
	GlobalSection(SolutionConfigurationPlatforms) = preSolution
		Debug|Any CPU = Debug|Any CPU
		Release|Any CPU = Release|Any CPU
	EndGlobalSection
	GlobalSection(ProjectConfigurationPlatforms) = postSolution
		{EF42B33B-FCCA-49B7-8893-EC688F631398}.Debug|Any CPU.ActiveCfg = Debug|Any CPU
		{EF42B33B-FCCA-49B7-8893-EC688F631398}.Debug|Any CPU.Build.0 = Debug|Any CPU
		{EF42B33B-FCCA-49B7-8893-EC688F631398}.Release|Any CPU.ActiveCfg = Release|Any CPU
		{EF42B33B-FCCA-49B7-8893-EC688F631398}.Release|Any CPU.Build.0 = Release|Any CPU
	EndGlobalSection
	GlobalSection(SolutionProperties) = preSolution
		HideSolutionNode = FALSE
	EndGlobalSection
	GlobalSection(ExtensibilityGlobals) = postSolution
		SolutionGuid = {B4543266-52A8-4ADB-A3B6-0D999AA168B3}
	EndGlobalSection
EndGlobal
